
Microsoft Visual Studio Solution File, Format Version 12.00
# Visual Studio Version 17
VisualStudioVersion = 17.3.32929.385
MinimumVisualStudioVersion = 10.0.40219.1
Project("{FAE04EC0-301F-11D3-BF4B-00C04F79EFBC}") = "TestRepo", "TestRepo\TestRepo.csproj", "{3695C8D1-A416-4273-83E2-9CD4DD2E6C6B}"
EndProject
Global
	GlobalSection(SolutionConfigurationPlatforms) = preSolution
		Debug|Any CPU = Debug|Any CPU
		Release|Any CPU = Release|Any CPU
	EndGlobalSection
	GlobalSection(ProjectConfigurationPlatforms) = postSolution
		{3695C8D1-A416-4273-83E2-9CD4DD2E6C6B}.Debug|Any CPU.ActiveCfg = Debug|Any CPU
		{3695C8D1-A416-4273-83E2-9CD4DD2E6C6B}.Debug|Any CPU.Build.0 = Debug|Any CPU
		{3695C8D1-A416-4273-83E2-9CD4DD2E6C6B}.Release|Any CPU.ActiveCfg = Release|Any CPU
		{3695C8D1-A416-4273-83E2-9CD4DD2E6C6B}.Release|Any CPU.Build.0 = Release|Any CPU
	EndGlobalSection
	GlobalSection(SolutionProperties) = preSolution
		HideSolutionNode = FALSE
	EndGlobalSection
	GlobalSection(ExtensibilityGlobals) = postSolution
		SolutionGuid = {4179FB8C-FFB8-474D-B259-F606A67D2D6D}
	EndGlobalSection
EndGlobal
